
Microsoft Visual Studio Solution File, Format Version 12.00
# Visual Studio 2013
VisualStudioVersion = 12.0.31101.0
MinimumVisualStudioVersion = 10.0.40219.1
Project("{8BC9CEB8-8B4A-11D0-8D11-00A0C91BC942}") = "httpscheme.win81", "httpscheme.win81\httpscheme.win81.vcxproj", "{0D3B1EFA-804C-4E7C-98BD-1B4E5F023AB1}"
EndProject
Project("{8BC9CEB8-8B4A-11D0-8D11-00A0C91BC942}") = "hls.httpschemeproxy", "hls.httpschemeproxy\hls.httpschemeproxy.vcxproj", "{6B6246D9-FAF2-403D-A98E-8147D695D5A1}"
EndProject
Project("{FAE04EC0-301F-11D3-BF4B-00C04F79EFBC}") = "player.win81", "player.win81\player.win81.csproj", "{8BCAD064-EA73-4D77-96C3-8F379A69E3AB}"
EndProject
Project("{8BC9CEB8-8B4A-11D0-8D11-00A0C91BC942}") = "tsreader.demo", "..\httplivestreaming\tsreader.demo\tsreader.demo.vcxproj", "{A5312B97-B946-4159-8F32-4D3F01764C8A}"
EndProject
Global
	GlobalSection(SolutionConfigurationPlatforms) = preSolution
		Debug|Any CPU = Debug|Any CPU
		Debug|x64 = Debug|x64
		Debug|x86 = Debug|x86
		Release|Any CPU = Release|Any CPU
		Release|x64 = Release|x64
		Release|x86 = Release|x86
	EndGlobalSection
	GlobalSection(ProjectConfigurationPlatforms) = postSolution
		{0D3B1EFA-804C-4E7C-98BD-1B4E5F023AB1}.Debug|Any CPU.ActiveCfg = Debug|Win32
		{0D3B1EFA-804C-4E7C-98BD-1B4E5F023AB1}.Debug|x64.ActiveCfg = Debug|x64
		{0D3B1EFA-804C-4E7C-98BD-1B4E5F023AB1}.Debug|x64.Build.0 = Debug|x64
		{0D3B1EFA-804C-4E7C-98BD-1B4E5F023AB1}.Debug|x64.Deploy.0 = Debug|x64
		{0D3B1EFA-804C-4E7C-98BD-1B4E5F023AB1}.Debug|x86.ActiveCfg = Debug|Win32
		{0D3B1EFA-804C-4E7C-98BD-1B4E5F023AB1}.Debug|x86.Build.0 = Debug|Win32
		{0D3B1EFA-804C-4E7C-98BD-1B4E5F023AB1}.Debug|x86.Deploy.0 = Debug|Win32
		{0D3B1EFA-804C-4E7C-98BD-1B4E5F023AB1}.Release|Any CPU.ActiveCfg = Release|Win32
		{0D3B1EFA-804C-4E7C-98BD-1B4E5F023AB1}.Release|x64.ActiveCfg = Release|x64
		{0D3B1EFA-804C-4E7C-98BD-1B4E5F023AB1}.Release|x64.Build.0 = Release|x64
		{0D3B1EFA-804C-4E7C-98BD-1B4E5F023AB1}.Release|x64.Deploy.0 = Release|x64
		{0D3B1EFA-804C-4E7C-98BD-1B4E5F023AB1}.Release|x86.ActiveCfg = Release|Win32
		{0D3B1EFA-804C-4E7C-98BD-1B4E5F023AB1}.Release|x86.Build.0 = Release|Win32
		{0D3B1EFA-804C-4E7C-98BD-1B4E5F023AB1}.Release|x86.Deploy.0 = Release|Win32
		{6B6246D9-FAF2-403D-A98E-8147D695D5A1}.Debug|Any CPU.ActiveCfg = Debug|Win32
		{6B6246D9-FAF2-403D-A98E-8147D695D5A1}.Debug|x64.ActiveCfg = Debug|x64
		{6B6246D9-FAF2-403D-A98E-8147D695D5A1}.Debug|x64.Build.0 = Debug|x64
		{6B6246D9-FAF2-403D-A98E-8147D695D5A1}.Debug|x86.ActiveCfg = Debug|Win32
		{6B6246D9-FAF2-403D-A98E-8147D695D5A1}.Debug|x86.Build.0 = Debug|Win32
		{6B6246D9-FAF2-403D-A98E-8147D695D5A1}.Release|Any CPU.ActiveCfg = Release|Win32
		{6B6246D9-FAF2-403D-A98E-8147D695D5A1}.Release|x64.ActiveCfg = Release|x64
		{6B6246D9-FAF2-403D-A98E-8147D695D5A1}.Release|x64.Build.0 = Release|x64
		{6B6246D9-FAF2-403D-A98E-8147D695D5A1}.Release|x86.ActiveCfg = Release|Win32
		{6B6246D9-FAF2-403D-A98E-8147D695D5A1}.Release|x86.Build.0 = Release|Win32
		{8BCAD064-EA73-4D77-96C3-8F379A69E3AB}.Debug|Any CPU.ActiveCfg = Debug|Any CPU
		{8BCAD064-EA73-4D77-96C3-8F379A69E3AB}.Debug|Any CPU.Build.0 = Debug|Any CPU
		{8BCAD064-EA73-4D77-96C3-8F379A69E3AB}.Debug|Any CPU.Deploy.0 = Debug|Any CPU
		{8BCAD064-EA73-4D77-96C3-8F379A69E3AB}.Debug|x64.ActiveCfg = Debug|x64
		{8BCAD064-EA73-4D77-96C3-8F379A69E3AB}.Debug|x64.Build.0 = Debug|x64
		{8BCAD064-EA73-4D77-96C3-8F379A69E3AB}.Debug|x64.Deploy.0 = Debug|x64
		{8BCAD064-EA73-4D77-96C3-8F379A69E3AB}.Debug|x86.ActiveCfg = Debug|x86
		{8BCAD064-EA73-4D77-96C3-8F379A69E3AB}.Debug|x86.Build.0 = Debug|x86
		{8BCAD064-EA73-4D77-96C3-8F379A69E3AB}.Debug|x86.Deploy.0 = Debug|x86
		{8BCAD064-EA73-4D77-96C3-8F379A69E3AB}.Release|Any CPU.ActiveCfg = Release|Any CPU
		{8BCAD064-EA73-4D77-96C3-8F379A69E3AB}.Release|Any CPU.Build.0 = Release|Any CPU
		{8BCAD064-EA73-4D77-96C3-8F379A69E3AB}.Release|Any CPU.Deploy.0 = Release|Any CPU
		{8BCAD064-EA73-4D77-96C3-8F379A69E3AB}.Release|x64.ActiveCfg = Release|x64
		{8BCAD064-EA73-4D77-96C3-8F379A69E3AB}.Release|x64.Build.0 = Release|x64
		{8BCAD064-EA73-4D77-96C3-8F379A69E3AB}.Release|x64.Deploy.0 = Release|x64
		{8BCAD064-EA73-4D77-96C3-8F379A69E3AB}.Release|x86.ActiveCfg = Release|x86
		{8BCAD064-EA73-4D77-96C3-8F379A69E3AB}.Release|x86.Build.0 = Release|x86
		{8BCAD064-EA73-4D77-96C3-8F379A69E3AB}.Release|x86.Deploy.0 = Release|x86
		{A5312B97-B946-4159-8F32-4D3F01764C8A}.Debug|Any CPU.ActiveCfg = Debug|Win32
		{A5312B97-B946-4159-8F32-4D3F01764C8A}.Debug|x64.ActiveCfg = Debug|x64
		{A5312B97-B946-4159-8F32-4D3F01764C8A}.Debug|x64.Build.0 = Debug|x64
		{A5312B97-B946-4159-8F32-4D3F01764C8A}.Debug|x86.ActiveCfg = Debug|Win32
		{A5312B97-B946-4159-8F32-4D3F01764C8A}.Debug|x86.Build.0 = Debug|Win32
		{A5312B97-B946-4159-8F32-4D3F01764C8A}.Release|Any CPU.ActiveCfg = Release|Win32
		{A5312B97-B946-4159-8F32-4D3F01764C8A}.Release|x64.ActiveCfg = Release|Win32
		{A5312B97-B946-4159-8F32-4D3F01764C8A}.Release|x86.ActiveCfg = Release|Win32
		{A5312B97-B946-4159-8F32-4D3F01764C8A}.Release|x86.Build.0 = Release|Win32
	EndGlobalSection
	GlobalSection(SolutionProperties) = preSolution
		HideSolutionNode = FALSE
	EndGlobalSection
EndGlobal
