
Microsoft Visual Studio Solution File, Format Version 12.00
# Visual Studio 14
VisualStudioVersion = 14.0.22609.0
MinimumVisualStudioVersion = 10.0.40219.1
Project("{8BC9CEB8-8B4A-11D0-8D11-00A0C91BC942}") = "httpclient.core", "httpclient.core.vcxproj", "{6B6246D9-FAF2-403D-A98E-8147D695D5A1}"
EndProject
Global
	GlobalSection(SolutionConfigurationPlatforms) = preSolution
		Debug|ARM = Debug|ARM
		Debug|x64 = Debug|x64
		Debug|x86 = Debug|x86
		Release|ARM = Release|ARM
		Release|x64 = Release|x64
		Release|x86 = Release|x86
	EndGlobalSection
	GlobalSection(ProjectConfigurationPlatforms) = postSolution
		{6B6246D9-FAF2-403D-A98E-8147D695D5A1}.Debug|ARM.ActiveCfg = Debug|ARM
		{6B6246D9-FAF2-403D-A98E-8147D695D5A1}.Debug|ARM.Build.0 = Debug|ARM
		{6B6246D9-FAF2-403D-A98E-8147D695D5A1}.Debug|x64.ActiveCfg = Debug|x64
		{6B6246D9-FAF2-403D-A98E-8147D695D5A1}.Debug|x64.Build.0 = Debug|x64
		{6B6246D9-FAF2-403D-A98E-8147D695D5A1}.Debug|x86.ActiveCfg = Debug|Win32
		{6B6246D9-FAF2-403D-A98E-8147D695D5A1}.Debug|x86.Build.0 = Debug|Win32
		{6B6246D9-FAF2-403D-A98E-8147D695D5A1}.Release|ARM.ActiveCfg = Release|ARM
		{6B6246D9-FAF2-403D-A98E-8147D695D5A1}.Release|ARM.Build.0 = Release|ARM
		{6B6246D9-FAF2-403D-A98E-8147D695D5A1}.Release|x64.ActiveCfg = Release|x64
		{6B6246D9-FAF2-403D-A98E-8147D695D5A1}.Release|x64.Build.0 = Release|x64
		{6B6246D9-FAF2-403D-A98E-8147D695D5A1}.Release|x86.ActiveCfg = Release|Win32
		{6B6246D9-FAF2-403D-A98E-8147D695D5A1}.Release|x86.Build.0 = Release|Win32
	EndGlobalSection
	GlobalSection(SolutionProperties) = preSolution
		HideSolutionNode = FALSE
	EndGlobalSection
EndGlobal
